{
  "name": "chessbased",
  "version": "0.0.0",
  "lockfileVersion": 3,
  "requires": true,
  "packages": {
    "": {
      "name": "chessbased",
      "version": "0.0.0",
      "license": "ISC",
      "dependencies": {
        "chess.js": "^1.0.0-beta.6",
        "chessground": "^9.0.2",
        "pgn-parser": "^2.2.0",
        "stockfish": "^16.0.0"
      }
    },
    "node_modules/chess.js": {
      "version": "1.0.0-beta.6",
      "resolved": "https://registry.npmjs.org/chess.js/-/chess.js-1.0.0-beta.6.tgz",
      "integrity": "sha512-sqBfX1VL3csSyqVM5ogbKA+aRlZyWDh276ruWXphwI0lDUMs7iYjZs29BOi49f7mXeunJE7cdfnIZhihsyLnsA=="
    },
    "node_modules/chessground": {
      "version": "9.0.2",
      "resolved": "https://registry.npmjs.org/chessground/-/chessground-9.0.2.tgz",
      "integrity": "sha512-3YRrA052eN+LRqxsjZ6Jesk12PWnONll0Hkfqf68abwbi9JN168D2PXOWeEygy4mPEWcDfSajAmn5r/vYSE8pQ==",
      "funding": {
        "url": "https://lichess.org/patron"
      }
    },
    "node_modules/pgn-parser": {
      "version": "2.2.0",
      "resolved": "https://registry.npmjs.org/pgn-parser/-/pgn-parser-2.2.0.tgz",
      "integrity": "sha512-cioZtVp+0mzzCwVSxN3RlH0Rr3ds5OyImypr1vAUWs0iUWBnXgUFd8tdup3hGE9ecytiTXzBz1jWabOAkjBG3w==",
      "engines": {
        "node": ">= 6.0.0"
      }
    },
    "node_modules/stockfish": {
      "version": "16.0.0",
      "resolved": "https://registry.npmjs.org/stockfish/-/stockfish-16.0.0.tgz",
      "integrity": "sha512-uu4AqsE2x0tD+SsYzZy4UtqeH4U9zDi1V8loDFDbMwCtvumGXF9j81Pg1ZmIkUgZhwQqPxQAv8IN5oy6hZa7Bw==",
      "bin": {
        "stockfishjs": "stockfishjs"
      }
    }
  }
}
